
Microsoft Visual Studio Solution File, Format Version 12.00
# Visual Studio Version 17
VisualStudioVersion = 17.0.31903.59
MinimumVisualStudioVersion = 10.0.40219.1
Project("{FAE04EC0-301F-11D3-BF4B-00C04F79EFBC}") = "Atom", "Atom\Atom.csproj", "{B9A6DDAD-18FA-4E25-AFFA-6607CD1F76B0}"
EndProject
Project("{FAE04EC0-301F-11D3-BF4B-00C04F79EFBC}") = "Employee", "Employee\Employee.csproj", "{256234E2-6ED5-4E78-A7B4-73B93998B6EF}"
EndProject
Global
	GlobalSection(SolutionConfigurationPlatforms) = preSolution
		Debug|Any CPU = Debug|Any CPU
		Release|Any CPU = Release|Any CPU
	EndGlobalSection
	GlobalSection(SolutionProperties) = preSolution
		HideSolutionNode = FALSE
	EndGlobalSection
	GlobalSection(ProjectConfigurationPlatforms) = postSolution
		{B9A6DDAD-18FA-4E25-AFFA-6607CD1F76B0}.Debug|Any CPU.ActiveCfg = Debug|Any CPU
		{B9A6DDAD-18FA-4E25-AFFA-6607CD1F76B0}.Debug|Any CPU.Build.0 = Debug|Any CPU
		{B9A6DDAD-18FA-4E25-AFFA-6607CD1F76B0}.Release|Any CPU.ActiveCfg = Release|Any CPU
		{B9A6DDAD-18FA-4E25-AFFA-6607CD1F76B0}.Release|Any CPU.Build.0 = Release|Any CPU
		{256234E2-6ED5-4E78-A7B4-73B93998B6EF}.Debug|Any CPU.ActiveCfg = Debug|Any CPU
		{256234E2-6ED5-4E78-A7B4-73B93998B6EF}.Debug|Any CPU.Build.0 = Debug|Any CPU
		{256234E2-6ED5-4E78-A7B4-73B93998B6EF}.Release|Any CPU.ActiveCfg = Release|Any CPU
		{256234E2-6ED5-4E78-A7B4-73B93998B6EF}.Release|Any CPU.Build.0 = Release|Any CPU
	EndGlobalSection
EndGlobal
